
Microsoft Visual Studio Solution File, Format Version 12.00
# Visual Studio Version 17
VisualStudioVersion = 17.0.32014.148
MinimumVisualStudioVersion = 10.0.40219.1
Project("{8BC9CEB8-8B4A-11D0-8D11-00A0C91BC942}") = "devilutionX", "devilutionx.vcxproj", "{3183A558-46F4-4FEF-8684-0A79B793599F}"
EndProject
Global
	GlobalSection(SolutionConfigurationPlatforms) = preSolution
		Debug|x64 = Debug|x64
		Release|x64 = Release|x64
	EndGlobalSection
	GlobalSection(ProjectConfigurationPlatforms) = postSolution
		{3183A558-46F4-4FEF-8684-0A79B793599F}.Debug|x64.ActiveCfg = Debug|x64
		{3183A558-46F4-4FEF-8684-0A79B793599F}.Debug|x64.Build.0 = Debug|x64
		{3183A558-46F4-4FEF-8684-0A79B793599F}.Debug|x64.Deploy.0 = Debug|x64
		{3183A558-46F4-4FEF-8684-0A79B793599F}.Release|x64.ActiveCfg = Release|x64
		{3183A558-46F4-4FEF-8684-0A79B793599F}.Release|x64.Build.0 = Release|x64
		{3183A558-46F4-4FEF-8684-0A79B793599F}.Release|x64.Deploy.0 = Release|x64
	EndGlobalSection
	GlobalSection(SolutionProperties) = preSolution
		HideSolutionNode = FALSE
	EndGlobalSection
	GlobalSection(ExtensibilityGlobals) = postSolution
		SolutionGuid = {D91CBA35-4ECA-4F87-81C4-EBD110EDEE56}
	EndGlobalSection
EndGlobal
