Microsoft Visual Studio Solution File, Format Version 8.00
Project("{8BC9CEB8-8B4A-11D0-8D11-00A0C91BC942}") = "DiabloX", "DiabloX.vcproj", "{A21C8DC1-51B0-4649-8CB4-B6E530F7147B}"
	ProjectSection(ProjectDependencies) = postProject
	EndProjectSection
EndProject
Global
	GlobalSection(SolutionConfiguration) = preSolution
		Debug = Debug
		Profile = Profile
		Profile_FastCap = Profile_FastCap
		Release = Release
		Release_LTCG = Release_LTCG
	EndGlobalSection
	GlobalSection(ProjectConfiguration) = postSolution
		{A21C8DC1-51B0-4649-8CB4-B6E530F7147B}.Debug.ActiveCfg = Debug|Xbox
		{A21C8DC1-51B0-4649-8CB4-B6E530F7147B}.Debug.Build.0 = Debug|Xbox
		{A21C8DC1-51B0-4649-8CB4-B6E530F7147B}.Profile.ActiveCfg = Profile|Xbox
		{A21C8DC1-51B0-4649-8CB4-B6E530F7147B}.Profile.Build.0 = Profile|Xbox
		{A21C8DC1-51B0-4649-8CB4-B6E530F7147B}.Profile_FastCap.ActiveCfg = Profile_FastCap|Xbox
		{A21C8DC1-51B0-4649-8CB4-B6E530F7147B}.Profile_FastCap.Build.0 = Profile_FastCap|Xbox
		{A21C8DC1-51B0-4649-8CB4-B6E530F7147B}.Release.ActiveCfg = Release|Xbox
		{A21C8DC1-51B0-4649-8CB4-B6E530F7147B}.Release.Build.0 = Release|Xbox
		{A21C8DC1-51B0-4649-8CB4-B6E530F7147B}.Release_LTCG.ActiveCfg = Release_LTCG|Xbox
		{A21C8DC1-51B0-4649-8CB4-B6E530F7147B}.Release_LTCG.Build.0 = Release_LTCG|Xbox
	EndGlobalSection
	GlobalSection(ExtensibilityGlobals) = postSolution
	EndGlobalSection
	GlobalSection(ExtensibilityAddIns) = postSolution
	EndGlobalSection
EndGlobal
